
Microsoft Visual Studio Solution File, Format Version 12.00
# Visual Studio Version 17
VisualStudioVersion = 17.3.32819.101
MinimumVisualStudioVersion = 10.0.40219.1
Project("{FAE04EC0-301F-11D3-BF4B-00C04F79EFBC}") = "AutoLoginProject", "AutoLoginProject\AutoLoginProject.csproj", "{9DBC5EF1-F451-404B-8DD1-5FB9697A2325}"
EndProject
Global
	GlobalSection(SolutionConfigurationPlatforms) = preSolution
		Debug|Any CPU = Debug|Any CPU
		Release|Any CPU = Release|Any CPU
	EndGlobalSection
	GlobalSection(ProjectConfigurationPlatforms) = postSolution
		{9DBC5EF1-F451-404B-8DD1-5FB9697A2325}.Debug|Any CPU.ActiveCfg = Debug|Any CPU
		{9DBC5EF1-F451-404B-8DD1-5FB9697A2325}.Debug|Any CPU.Build.0 = Debug|Any CPU
		{9DBC5EF1-F451-404B-8DD1-5FB9697A2325}.Release|Any CPU.ActiveCfg = Release|Any CPU
		{9DBC5EF1-F451-404B-8DD1-5FB9697A2325}.Release|Any CPU.Build.0 = Release|Any CPU
	EndGlobalSection
	GlobalSection(SolutionProperties) = preSolution
		HideSolutionNode = FALSE
	EndGlobalSection
	GlobalSection(ExtensibilityGlobals) = postSolution
		SolutionGuid = {F68E0F6C-0D45-4243-B135-2C2871FDB09D}
	EndGlobalSection
EndGlobal
